
Microsoft Visual Studio Solution File, Format Version 12.00
# Visual Studio 15
VisualStudioVersion = 15.0.27703.2042
MinimumVisualStudioVersion = 10.0.40219.1
Project("{FAE04EC0-301F-11D3-BF4B-00C04F79EFBC}") = "DadsHealth", "DadsHealth\DadsHealth.csproj", "{2C0F4FE9-462D-4A66-A25C-DE4BB60A69D6}"
EndProject
Global
	GlobalSection(SolutionConfigurationPlatforms) = preSolution
		Debug|Any CPU = Debug|Any CPU
		Release|Any CPU = Release|Any CPU
	EndGlobalSection
	GlobalSection(ProjectConfigurationPlatforms) = postSolution
		{2C0F4FE9-462D-4A66-A25C-DE4BB60A69D6}.Debug|Any CPU.ActiveCfg = Debug|Any CPU
		{2C0F4FE9-462D-4A66-A25C-DE4BB60A69D6}.Debug|Any CPU.Build.0 = Debug|Any CPU
		{2C0F4FE9-462D-4A66-A25C-DE4BB60A69D6}.Release|Any CPU.ActiveCfg = Release|Any CPU
		{2C0F4FE9-462D-4A66-A25C-DE4BB60A69D6}.Release|Any CPU.Build.0 = Release|Any CPU
	EndGlobalSection
	GlobalSection(SolutionProperties) = preSolution
		HideSolutionNode = FALSE
	EndGlobalSection
	GlobalSection(ExtensibilityGlobals) = postSolution
		SolutionGuid = {CC8585A9-1018-47E2-9CA6-A52535D7F3EC}
	EndGlobalSection
EndGlobal
